
Microsoft Visual Studio Solution File, Format Version 12.00
# Visual Studio Version 16
VisualStudioVersion = 16.0.30114.105
MinimumVisualStudioVersion = 10.0.40219.1
Project("{FAE04EC0-301F-11D3-BF4B-00C04F79EFBC}") = "WindowsFormsApp2", "WindowsFormsApp2.csproj", "{815AA775-8960-448E-8D4B-FD96C507F25D}"
EndProject
Global
	GlobalSection(SolutionConfigurationPlatforms) = preSolution
		Debug|Any CPU = Debug|Any CPU
		Release|Any CPU = Release|Any CPU
	EndGlobalSection
	GlobalSection(ProjectConfigurationPlatforms) = postSolution
		{815AA775-8960-448E-8D4B-FD96C507F25D}.Debug|Any CPU.ActiveCfg = Debug|Any CPU
		{815AA775-8960-448E-8D4B-FD96C507F25D}.Debug|Any CPU.Build.0 = Debug|Any CPU
		{815AA775-8960-448E-8D4B-FD96C507F25D}.Release|Any CPU.ActiveCfg = Release|Any CPU
		{815AA775-8960-448E-8D4B-FD96C507F25D}.Release|Any CPU.Build.0 = Release|Any CPU
	EndGlobalSection
	GlobalSection(SolutionProperties) = preSolution
		HideSolutionNode = FALSE
	EndGlobalSection
	GlobalSection(ExtensibilityGlobals) = postSolution
		SolutionGuid = {120079D8-73A8-4811-B4EB-1145841CC53B}
	EndGlobalSection
EndGlobal
