
Microsoft Visual Studio Solution File, Format Version 12.00
# Visual Studio Version 16
VisualStudioVersion = 16.0.28803.202
MinimumVisualStudioVersion = 10.0.40219.1
Project("{8BC9CEB8-8B4A-11D0-8D11-00A0C91BC942}") = "MonteKursa", "MonteKursa.vcxproj", "{5C792171-B700-47E4-A279-88B07174AC2B}"
EndProject
Global
	GlobalSection(SolutionConfigurationPlatforms) = preSolution
		Debug|x64 = Debug|x64
		Debug|x86 = Debug|x86
		Release|x64 = Release|x64
		Release|x86 = Release|x86
	EndGlobalSection
	GlobalSection(ProjectConfigurationPlatforms) = postSolution
		{5C792171-B700-47E4-A279-88B07174AC2B}.Debug|x64.ActiveCfg = Debug|x64
		{5C792171-B700-47E4-A279-88B07174AC2B}.Debug|x64.Build.0 = Debug|x64
		{5C792171-B700-47E4-A279-88B07174AC2B}.Debug|x86.ActiveCfg = Debug|Win32
		{5C792171-B700-47E4-A279-88B07174AC2B}.Debug|x86.Build.0 = Debug|Win32
		{5C792171-B700-47E4-A279-88B07174AC2B}.Release|x64.ActiveCfg = Release|x64
		{5C792171-B700-47E4-A279-88B07174AC2B}.Release|x64.Build.0 = Release|x64
		{5C792171-B700-47E4-A279-88B07174AC2B}.Release|x86.ActiveCfg = Release|Win32
		{5C792171-B700-47E4-A279-88B07174AC2B}.Release|x86.Build.0 = Release|Win32
	EndGlobalSection
	GlobalSection(SolutionProperties) = preSolution
		HideSolutionNode = FALSE
	EndGlobalSection
	GlobalSection(ExtensibilityGlobals) = postSolution
		SolutionGuid = {1C5F5E92-9E22-4D3E-8068-22F36DEC1D38}
	EndGlobalSection
EndGlobal
