
Microsoft Visual Studio Solution File, Format Version 12.00
# Visual Studio Version 16
VisualStudioVersion = 16.0.30204.135
MinimumVisualStudioVersion = 10.0.40219.1
Project("{FAE04EC0-301F-11D3-BF4B-00C04F79EFBC}") = "NumericalMethods_CourseWork", "NumericalMethods_CourseWork.csproj", "{CA44D477-86AD-4CE9-8A9A-AC85455F6262}"
EndProject
Global
	GlobalSection(SolutionConfigurationPlatforms) = preSolution
		Debug|Any CPU = Debug|Any CPU
		Release|Any CPU = Release|Any CPU
	EndGlobalSection
	GlobalSection(ProjectConfigurationPlatforms) = postSolution
		{CA44D477-86AD-4CE9-8A9A-AC85455F6262}.Debug|Any CPU.ActiveCfg = Debug|Any CPU
		{CA44D477-86AD-4CE9-8A9A-AC85455F6262}.Debug|Any CPU.Build.0 = Debug|Any CPU
		{CA44D477-86AD-4CE9-8A9A-AC85455F6262}.Release|Any CPU.ActiveCfg = Release|Any CPU
		{CA44D477-86AD-4CE9-8A9A-AC85455F6262}.Release|Any CPU.Build.0 = Release|Any CPU
	EndGlobalSection
	GlobalSection(SolutionProperties) = preSolution
		HideSolutionNode = FALSE
	EndGlobalSection
	GlobalSection(ExtensibilityGlobals) = postSolution
		SolutionGuid = {F21F16CE-8F78-426C-B849-B8507F6E42E6}
	EndGlobalSection
EndGlobal
