
Microsoft Visual Studio Solution File, Format Version 12.00
# Visual Studio Version 16
VisualStudioVersion = 16.0.30204.135
MinimumVisualStudioVersion = 10.0.40219.1
Project("{FAE04EC0-301F-11D3-BF4B-00C04F79EFBC}") = "ObjectOrientedProgram", "ObjectOrientedProgram.csproj", "{7CE343C1-B024-4568-B354-75B9E3A100A7}"
EndProject
Global
	GlobalSection(SolutionConfigurationPlatforms) = preSolution
		Debug|Any CPU = Debug|Any CPU
		Release|Any CPU = Release|Any CPU
	EndGlobalSection
	GlobalSection(ProjectConfigurationPlatforms) = postSolution
		{7CE343C1-B024-4568-B354-75B9E3A100A7}.Debug|Any CPU.ActiveCfg = Debug|Any CPU
		{7CE343C1-B024-4568-B354-75B9E3A100A7}.Debug|Any CPU.Build.0 = Debug|Any CPU
		{7CE343C1-B024-4568-B354-75B9E3A100A7}.Release|Any CPU.ActiveCfg = Release|Any CPU
		{7CE343C1-B024-4568-B354-75B9E3A100A7}.Release|Any CPU.Build.0 = Release|Any CPU
	EndGlobalSection
	GlobalSection(SolutionProperties) = preSolution
		HideSolutionNode = FALSE
	EndGlobalSection
	GlobalSection(ExtensibilityGlobals) = postSolution
		SolutionGuid = {32EE1C3B-D513-439B-BCD7-65621DF44EA6}
	EndGlobalSection
EndGlobal
