
Microsoft Visual Studio Solution File, Format Version 12.00
# Visual Studio Version 16
VisualStudioVersion = 16.0.29324.140
MinimumVisualStudioVersion = 10.0.40219.1
Project("{FAE04EC0-301F-11D3-BF4B-00C04F79EFBC}") = "ObjectOriented", "ObjectOriented.csproj", "{55EFD53A-F458-4877-91F5-440A64CF5BC6}"
EndProject
Project("{FAE04EC0-301F-11D3-BF4B-00C04F79EFBC}") = "Procedure", "..\Procedure\Procedure.csproj", "{E5289A6E-86D1-4231-93A6-8582D4B8FE1B}"
EndProject
Global
	GlobalSection(SolutionConfigurationPlatforms) = preSolution
		Debug|Any CPU = Debug|Any CPU
		Release|Any CPU = Release|Any CPU
	EndGlobalSection
	GlobalSection(ProjectConfigurationPlatforms) = postSolution
		{55EFD53A-F458-4877-91F5-440A64CF5BC6}.Debug|Any CPU.ActiveCfg = Debug|Any CPU
		{55EFD53A-F458-4877-91F5-440A64CF5BC6}.Debug|Any CPU.Build.0 = Debug|Any CPU
		{55EFD53A-F458-4877-91F5-440A64CF5BC6}.Release|Any CPU.ActiveCfg = Release|Any CPU
		{55EFD53A-F458-4877-91F5-440A64CF5BC6}.Release|Any CPU.Build.0 = Release|Any CPU
		{E5289A6E-86D1-4231-93A6-8582D4B8FE1B}.Debug|Any CPU.ActiveCfg = Debug|Any CPU
		{E5289A6E-86D1-4231-93A6-8582D4B8FE1B}.Debug|Any CPU.Build.0 = Debug|Any CPU
		{E5289A6E-86D1-4231-93A6-8582D4B8FE1B}.Release|Any CPU.ActiveCfg = Release|Any CPU
		{E5289A6E-86D1-4231-93A6-8582D4B8FE1B}.Release|Any CPU.Build.0 = Release|Any CPU
	EndGlobalSection
	GlobalSection(SolutionProperties) = preSolution
		HideSolutionNode = FALSE
	EndGlobalSection
	GlobalSection(ExtensibilityGlobals) = postSolution
		SolutionGuid = {155E7ADE-23C0-4F2B-8B3E-14BFFD54387C}
	EndGlobalSection
EndGlobal
