
Microsoft Visual Studio Solution File, Format Version 12.00
# Visual Studio Version 16
VisualStudioVersion = 16.0.30204.135
MinimumVisualStudioVersion = 10.0.40219.1
Project("{9A19103F-16F7-4668-BE54-9A1E7A4F7556}") = "ProcedureOrientedProgram", "ProcedureOrientedProgram.csproj", "{71F634BA-DB20-4782-BD9C-CCF1067F11EA}"
EndProject
Global
	GlobalSection(SolutionConfigurationPlatforms) = preSolution
		Debug|Any CPU = Debug|Any CPU
		Release|Any CPU = Release|Any CPU
	EndGlobalSection
	GlobalSection(ProjectConfigurationPlatforms) = postSolution
		{71F634BA-DB20-4782-BD9C-CCF1067F11EA}.Debug|Any CPU.ActiveCfg = Debug|Any CPU
		{71F634BA-DB20-4782-BD9C-CCF1067F11EA}.Debug|Any CPU.Build.0 = Debug|Any CPU
		{71F634BA-DB20-4782-BD9C-CCF1067F11EA}.Release|Any CPU.ActiveCfg = Release|Any CPU
		{71F634BA-DB20-4782-BD9C-CCF1067F11EA}.Release|Any CPU.Build.0 = Release|Any CPU
	EndGlobalSection
	GlobalSection(SolutionProperties) = preSolution
		HideSolutionNode = FALSE
	EndGlobalSection
	GlobalSection(ExtensibilityGlobals) = postSolution
		SolutionGuid = {88535FA5-FDB9-4B67-BF1E-F6489468A5E0}
	EndGlobalSection
EndGlobal
